
Microsoft Visual Studio Solution File, Format Version 12.00
# Visual Studio Version 17
VisualStudioVersion = 17.14.36414.22 d17.14
MinimumVisualStudioVersion = 10.0.40219.1
Project("{FAE04EC0-301F-11D3-BF4B-00C04F79EFBC}") = "CalculatorApp", "CalculatorApp\CalculatorApp.csproj", "{DCF2B17F-330B-4B9C-8600-984E387B991B}"
EndProject
Global
	GlobalSection(SolutionConfigurationPlatforms) = preSolution
		Debug|Any CPU = Debug|Any CPU
		Release|Any CPU = Release|Any CPU
	EndGlobalSection
	GlobalSection(ProjectConfigurationPlatforms) = postSolution
		{DCF2B17F-330B-4B9C-8600-984E387B991B}.Debug|Any CPU.ActiveCfg = Debug|Any CPU
		{DCF2B17F-330B-4B9C-8600-984E387B991B}.Debug|Any CPU.Build.0 = Debug|Any CPU
		{DCF2B17F-330B-4B9C-8600-984E387B991B}.Release|Any CPU.ActiveCfg = Release|Any CPU
		{DCF2B17F-330B-4B9C-8600-984E387B991B}.Release|Any CPU.Build.0 = Release|Any CPU
	EndGlobalSection
	GlobalSection(SolutionProperties) = preSolution
		HideSolutionNode = FALSE
	EndGlobalSection
	GlobalSection(ExtensibilityGlobals) = postSolution
		SolutionGuid = {484101D3-CC42-41E4-B7CA-E6EBBE8A6968}
	EndGlobalSection
EndGlobal
